
Microsoft Visual Studio Solution File, Format Version 12.00
# Visual Studio Version 17
VisualStudioVersion = 17.14.36429.23
MinimumVisualStudioVersion = 10.0.40219.1
Project("{2150E333-8FDC-42A3-9474-1A3956D46DE8}") = "Task0", "Task0", "{02EA681E-C7D8-13C7-8484-4AC65E1B71E8}"
EndProject
Project("{FAE04EC0-301F-11D3-BF4B-00C04F79EFBC}") = "Tyuiu.PlatonovMV.Sprint6.Task0.V14.Lib", "Tyuiu.PlatonovMV.Sprint6.Task0.V14.Lib\Tyuiu.PlatonovMV.Sprint6.Task0.V14.Lib.csproj", "{958D0A9C-75A6-4E7D-8F82-150929E84D60}"
EndProject
Project("{FAE04EC0-301F-11D3-BF4B-00C04F79EFBC}") = "Tyuiu.PlatonovMV.Sprint6.Task0.V14.Test", "Tyuiu.PlatonovMV.Sprint6.Task0.V14.Test\Tyuiu.PlatonovMV.Sprint6.Task0.V14.Test.csproj", "{7F11673D-2C17-4C10-98DD-77AE8822FB24}"
EndProject
Project("{FAE04EC0-301F-11D3-BF4B-00C04F79EFBC}") = "Tyuiu.PlatonovMV.Sprint6.Task0.V14", "Tyuiu.PlatonovMV.Sprint6.Task0.V14\Tyuiu.PlatonovMV.Sprint6.Task0.V14.csproj", "{252E0701-68A2-4F5F-B4B4-25E766D2EF6B}"
EndProject
Project("{2150E333-8FDC-42A3-9474-1A3956D46DE8}") = "Task1", "Task1", "{4E8C6BC8-2DB3-48F3-82F6-6CD346EB2CF2}"
EndProject
Project("{FAE04EC0-301F-11D3-BF4B-00C04F79EFBC}") = "Tyuiu.PlatonovMV.Sprint6.Task1.V22.Test", "Tyuiu.PlatonovMV.Sprint6.Task1.V22.Test\Tyuiu.PlatonovMV.Sprint6.Task1.V22.Test.csproj", "{19EC8B5D-84D3-4EA0-8616-D9E19721B067}"
EndProject
Project("{FAE04EC0-301F-11D3-BF4B-00C04F79EFBC}") = "Tyuiu.PlatonovMV.Sprint6.Task1.V22.Lib", "Tyuiu.PlatonovMV.Sprint6.Task1.V22.Lib\Tyuiu.PlatonovMV.Sprint6.Task1.V22.Lib.csproj", "{3E3BF638-DEF1-4500-A836-AA23E9738A84}"
EndProject
Project("{FAE04EC0-301F-11D3-BF4B-00C04F79EFBC}") = "Tyuiu.PlatonovMV.Sprint6.Task1.V22", "Tyuiu.PlatonovMV.Sprint6.Task1.V22\Tyuiu.PlatonovMV.Sprint6.Task1.V22.csproj", "{422A1559-933A-4CC0-BBCF-ECF0B4BDFE4C}"
EndProject
Global
	GlobalSection(SolutionConfigurationPlatforms) = preSolution
		Debug|Any CPU = Debug|Any CPU
		Release|Any CPU = Release|Any CPU
	EndGlobalSection
	GlobalSection(ProjectConfigurationPlatforms) = postSolution
		{958D0A9C-75A6-4E7D-8F82-150929E84D60}.Debug|Any CPU.ActiveCfg = Debug|Any CPU
		{958D0A9C-75A6-4E7D-8F82-150929E84D60}.Debug|Any CPU.Build.0 = Debug|Any CPU
		{958D0A9C-75A6-4E7D-8F82-150929E84D60}.Release|Any CPU.ActiveCfg = Release|Any CPU
		{958D0A9C-75A6-4E7D-8F82-150929E84D60}.Release|Any CPU.Build.0 = Release|Any CPU
		{7F11673D-2C17-4C10-98DD-77AE8822FB24}.Debug|Any CPU.ActiveCfg = Debug|Any CPU
		{7F11673D-2C17-4C10-98DD-77AE8822FB24}.Debug|Any CPU.Build.0 = Debug|Any CPU
		{7F11673D-2C17-4C10-98DD-77AE8822FB24}.Release|Any CPU.ActiveCfg = Release|Any CPU
		{7F11673D-2C17-4C10-98DD-77AE8822FB24}.Release|Any CPU.Build.0 = Release|Any CPU
		{252E0701-68A2-4F5F-B4B4-25E766D2EF6B}.Debug|Any CPU.ActiveCfg = Debug|Any CPU
		{252E0701-68A2-4F5F-B4B4-25E766D2EF6B}.Debug|Any CPU.Build.0 = Debug|Any CPU
		{252E0701-68A2-4F5F-B4B4-25E766D2EF6B}.Release|Any CPU.ActiveCfg = Release|Any CPU
		{252E0701-68A2-4F5F-B4B4-25E766D2EF6B}.Release|Any CPU.Build.0 = Release|Any CPU
		{19EC8B5D-84D3-4EA0-8616-D9E19721B067}.Debug|Any CPU.ActiveCfg = Debug|Any CPU
		{19EC8B5D-84D3-4EA0-8616-D9E19721B067}.Debug|Any CPU.Build.0 = Debug|Any CPU
		{19EC8B5D-84D3-4EA0-8616-D9E19721B067}.Release|Any CPU.ActiveCfg = Release|Any CPU
		{19EC8B5D-84D3-4EA0-8616-D9E19721B067}.Release|Any CPU.Build.0 = Release|Any CPU
		{3E3BF638-DEF1-4500-A836-AA23E9738A84}.Debug|Any CPU.ActiveCfg = Debug|Any CPU
		{3E3BF638-DEF1-4500-A836-AA23E9738A84}.Debug|Any CPU.Build.0 = Debug|Any CPU
		{3E3BF638-DEF1-4500-A836-AA23E9738A84}.Release|Any CPU.ActiveCfg = Release|Any CPU
		{3E3BF638-DEF1-4500-A836-AA23E9738A84}.Release|Any CPU.Build.0 = Release|Any CPU
		{422A1559-933A-4CC0-BBCF-ECF0B4BDFE4C}.Debug|Any CPU.ActiveCfg = Debug|Any CPU
		{422A1559-933A-4CC0-BBCF-ECF0B4BDFE4C}.Debug|Any CPU.Build.0 = Debug|Any CPU
		{422A1559-933A-4CC0-BBCF-ECF0B4BDFE4C}.Release|Any CPU.ActiveCfg = Release|Any CPU
		{422A1559-933A-4CC0-BBCF-ECF0B4BDFE4C}.Release|Any CPU.Build.0 = Release|Any CPU
	EndGlobalSection
	GlobalSection(SolutionProperties) = preSolution
		HideSolutionNode = FALSE
	EndGlobalSection
	GlobalSection(NestedProjects) = preSolution
		{958D0A9C-75A6-4E7D-8F82-150929E84D60} = {02EA681E-C7D8-13C7-8484-4AC65E1B71E8}
		{7F11673D-2C17-4C10-98DD-77AE8822FB24} = {02EA681E-C7D8-13C7-8484-4AC65E1B71E8}
		{252E0701-68A2-4F5F-B4B4-25E766D2EF6B} = {02EA681E-C7D8-13C7-8484-4AC65E1B71E8}
		{19EC8B5D-84D3-4EA0-8616-D9E19721B067} = {4E8C6BC8-2DB3-48F3-82F6-6CD346EB2CF2}
		{3E3BF638-DEF1-4500-A836-AA23E9738A84} = {4E8C6BC8-2DB3-48F3-82F6-6CD346EB2CF2}
		{422A1559-933A-4CC0-BBCF-ECF0B4BDFE4C} = {4E8C6BC8-2DB3-48F3-82F6-6CD346EB2CF2}
	EndGlobalSection
	GlobalSection(ExtensibilityGlobals) = postSolution
		SolutionGuid = {415A95D5-CBE5-4A57-9D7C-08676C6150BD}
	EndGlobalSection
EndGlobal
