
Microsoft Visual Studio Solution File, Format Version 12.00
# Visual Studio Version 17
VisualStudioVersion = 17.14.36429.23
MinimumVisualStudioVersion = 10.0.40219.1
Project("{2150E333-8FDC-42A3-9474-1A3956D46DE8}") = "Task0", "Task0", "{02EA681E-C7D8-13C7-8484-4AC65E1B71E8}"
EndProject
Project("{FAE04EC0-301F-11D3-BF4B-00C04F79EFBC}") = "Tyuiu.PlatonovMV.Sprint6.Task0.V14.Lib", "Tyuiu.PlatonovMV.Sprint6.Task0.V14.Lib\Tyuiu.PlatonovMV.Sprint6.Task0.V14.Lib.csproj", "{958D0A9C-75A6-4E7D-8F82-150929E84D60}"
EndProject
Project("{FAE04EC0-301F-11D3-BF4B-00C04F79EFBC}") = "Tyuiu.PlatonovMV.Sprint6.Task0.V14.Test", "Tyuiu.PlatonovMV.Sprint6.Task0.V14.Test\Tyuiu.PlatonovMV.Sprint6.Task0.V14.Test.csproj", "{7F11673D-2C17-4C10-98DD-77AE8822FB24}"
EndProject
Project("{FAE04EC0-301F-11D3-BF4B-00C04F79EFBC}") = "Tyuiu.PlatonovMV.Sprint6.Task0.V14", "Tyuiu.PlatonovMV.Sprint6.Task0.V14\Tyuiu.PlatonovMV.Sprint6.Task0.V14.csproj", "{252E0701-68A2-4F5F-B4B4-25E766D2EF6B}"
EndProject
Project("{2150E333-8FDC-42A3-9474-1A3956D46DE8}") = "Task1", "Task1", "{4E8C6BC8-2DB3-48F3-82F6-6CD346EB2CF2}"
EndProject
Project("{FAE04EC0-301F-11D3-BF4B-00C04F79EFBC}") = "Tyuiu.PlatonovMV.Sprint6.Task1.V22.Test", "Tyuiu.PlatonovMV.Sprint6.Task1.V22.Test\Tyuiu.PlatonovMV.Sprint6.Task1.V22.Test.csproj", "{19EC8B5D-84D3-4EA0-8616-D9E19721B067}"
EndProject
Project("{FAE04EC0-301F-11D3-BF4B-00C04F79EFBC}") = "Tyuiu.PlatonovMV.Sprint6.Task1.V22.Lib", "Tyuiu.PlatonovMV.Sprint6.Task1.V22.Lib\Tyuiu.PlatonovMV.Sprint6.Task1.V22.Lib.csproj", "{3E3BF638-DEF1-4500-A836-AA23E9738A84}"
EndProject
Project("{FAE04EC0-301F-11D3-BF4B-00C04F79EFBC}") = "Tyuiu.PlatonovMV.Sprint6.Task1.V22", "Tyuiu.PlatonovMV.Sprint6.Task1.V22\Tyuiu.PlatonovMV.Sprint6.Task1.V22.csproj", "{422A1559-933A-4CC0-BBCF-ECF0B4BDFE4C}"
EndProject
Project("{2150E333-8FDC-42A3-9474-1A3956D46DE8}") = "Task2", "Task2", "{AAE565B4-8EF6-41AA-B098-05A383A905A2}"
EndProject
Project("{FAE04EC0-301F-11D3-BF4B-00C04F79EFBC}") = "Tyuiu.PlatonovMV.Sprint6.Task2.V20.Lib", "Tyuiu.PlatonovMV.Sprint6.Task2.V20.Lib\Tyuiu.PlatonovMV.Sprint6.Task2.V20.Lib.csproj", "{2AA974C0-2FEE-47F2-B35C-4FE047B84874}"
EndProject
Project("{FAE04EC0-301F-11D3-BF4B-00C04F79EFBC}") = "Tyuiu.PlatonovMV.Sprint6.Task2.V20.Test", "Tyuiu.PlatonovMV.Sprint6.Task2.V20.Test\Tyuiu.PlatonovMV.Sprint6.Task2.V20.Test.csproj", "{BB8666A2-59E9-4A9E-8AFA-71AC7EBD02F7}"
EndProject
Project("{FAE04EC0-301F-11D3-BF4B-00C04F79EFBC}") = "Tyuiu.PlatonovMV.Sprint6.Task2.V20", "Tyuiu.PlatonovMV.Sprint6.Task2.V20\Tyuiu.PlatonovMV.Sprint6.Task2.V20.csproj", "{6CEE0D67-0282-4BD6-8EDB-33E021F7329E}"
EndProject
Project("{2150E333-8FDC-42A3-9474-1A3956D46DE8}") = "Task3", "Task3", "{EC30CD28-5B63-4832-95FF-D54DA54B8810}"
EndProject
Project("{FAE04EC0-301F-11D3-BF4B-00C04F79EFBC}") = "Tyuiu.PlatonovMV.Sprint6.Task3.V25.Lib", "Tyuiu.PlatonovMV.Sprint6.Task3.V25.Lib\Tyuiu.PlatonovMV.Sprint6.Task3.V25.Lib.csproj", "{FC4A3105-8332-4B61-A7E2-8E07A3E2B9A8}"
EndProject
Project("{FAE04EC0-301F-11D3-BF4B-00C04F79EFBC}") = "Tyuiu.PlatonovMV.Sprint6.Task3.V25.Test", "Tyuiu.PlatonovMV.Sprint6.Task3.V25.Test\Tyuiu.PlatonovMV.Sprint6.Task3.V25.Test.csproj", "{1E6CAA80-6B4D-4ECF-AE3D-C5546BD51F77}"
EndProject
Project("{FAE04EC0-301F-11D3-BF4B-00C04F79EFBC}") = "Tyuiu.PlatonovMV.Sprint6.Task3.V25", "Tyuiu.PlatonovMV.Sprint6.Task3.V25\Tyuiu.PlatonovMV.Sprint6.Task3.V25.csproj", "{DFD3BA95-93A2-4D7D-B2E4-9425B8716AA1}"
EndProject
Project("{2150E333-8FDC-42A3-9474-1A3956D46DE8}") = "Task4", "Task4", "{80BCD082-DF06-4F27-B039-75D15B769D62}"
EndProject
Project("{FAE04EC0-301F-11D3-BF4B-00C04F79EFBC}") = "Tyuiu.PlatonovMV.Sprint6.Task4.V14.Lib", "Tyuiu.PlatonovMV.Sprint6.Task4.V14.Lib\Tyuiu.PlatonovMV.Sprint6.Task4.V14.Lib.csproj", "{1966BC25-2FA4-4681-8A40-AB8048C6D830}"
EndProject
Project("{FAE04EC0-301F-11D3-BF4B-00C04F79EFBC}") = "Tyuiu.PlatonovMV.Sprint6.Task4.V14.Test", "Tyuiu.PlatonovMV.Sprint6.Task4.V14.Test\Tyuiu.PlatonovMV.Sprint6.Task4.V14.Test.csproj", "{44B50C89-818E-43E2-952E-3AD751903FCB}"
EndProject
Project("{FAE04EC0-301F-11D3-BF4B-00C04F79EFBC}") = "Tyuiu.PlatonovMV.Sprint6.Task4.V14", "Tyuiu.PlatonovMV.Sprint6.Task4.V14\Tyuiu.PlatonovMV.Sprint6.Task4.V14.csproj", "{47DBCEB0-4CD4-4214-93C3-91FAADA68414}"
EndProject
Project("{2150E333-8FDC-42A3-9474-1A3956D46DE8}") = "Task5", "Task5", "{ECD08C7B-7F05-429F-9CA5-D3F5CA62AA39}"
EndProject
Project("{FAE04EC0-301F-11D3-BF4B-00C04F79EFBC}") = "Tyuiu.PlatonovMV.Sprint6.Task5.V10.Test", "Tyuiu.PlatonovMV.Sprint6.Task5.V10.Test\Tyuiu.PlatonovMV.Sprint6.Task5.V10.Test.csproj", "{82A768C8-2130-4B30-9A49-B0A29CE5AEA3}"
EndProject
Project("{FAE04EC0-301F-11D3-BF4B-00C04F79EFBC}") = "Tyuiu.PlatonovMV.Sprint6.Task5.V10.Lib", "Tyuiu.PlatonovMV.Sprint6.Task5.V10.Lib\Tyuiu.PlatonovMV.Sprint6.Task5.V10.Lib.csproj", "{C35EF18D-96EC-4DE1-A5A3-674AA9AFBC99}"
EndProject
Project("{FAE04EC0-301F-11D3-BF4B-00C04F79EFBC}") = "Tyuiu.PlatonovMV.Sprint6.Task5.V10", "Tyuiu.PlatonovMV.Sprint6.Task5.V10\Tyuiu.PlatonovMV.Sprint6.Task5.V10.csproj", "{1D667A10-1853-4022-A1E0-A33A81CECA16}"
EndProject
Project("{2150E333-8FDC-42A3-9474-1A3956D46DE8}") = "Task6", "Task6", "{BE8850D6-F19B-439B-8346-5000E389B685}"
EndProject
Project("{FAE04EC0-301F-11D3-BF4B-00C04F79EFBC}") = "Tyuiu.PlatonovMV.Sprint6.Task6.V10.Lib", "Tyuiu.PlatonovMV.Sprint6.Task6.V10.Lib\Tyuiu.PlatonovMV.Sprint6.Task6.V10.Lib.csproj", "{B08134C5-D1A4-4A82-BBE6-31D0C1E6F9CB}"
EndProject
Project("{FAE04EC0-301F-11D3-BF4B-00C04F79EFBC}") = "Tyuiu.PlatonovMV.Sprint6.Task6.V10.Test", "Tyuiu.PlatonovMV.Sprint6.Task6.V10.Test\Tyuiu.PlatonovMV.Sprint6.Task6.V10.Test.csproj", "{806EB83A-7D6D-4361-A615-B63400210A55}"
EndProject
Project("{FAE04EC0-301F-11D3-BF4B-00C04F79EFBC}") = "Tyuiu.PlatonovMV.Sprint6.Task6.V10", "Tyuiu.PlatonovMV.Sprint6.Task6.V10\Tyuiu.PlatonovMV.Sprint6.Task6.V10.csproj", "{B5D446C2-1FAC-4BA2-8FF5-8163B6A796E6}"
EndProject
Project("{2150E333-8FDC-42A3-9474-1A3956D46DE8}") = "Task7", "Task7", "{6C3E7942-0B67-4F2D-AEDF-CF78E6ECCB74}"
EndProject
Project("{FAE04EC0-301F-11D3-BF4B-00C04F79EFBC}") = "Tyuiu.PlatonovMV.Sprint6.Task7.V17.Lib", "Tyuiu.PlatonovMV.Sprint6.Task7.V17.Lib\Tyuiu.PlatonovMV.Sprint6.Task7.V17.Lib.csproj", "{CE443AF5-DB11-40BE-B42C-97243BD2C980}"
EndProject
Project("{FAE04EC0-301F-11D3-BF4B-00C04F79EFBC}") = "Tyuiu.PlatonovMV.Sprint6.Task7.V17.Test", "Tyuiu.PlatonovMV.Sprint6.Task7.V17.Test\Tyuiu.PlatonovMV.Sprint6.Task7.V17.Test.csproj", "{198C6E96-7BF6-4AF4-86A8-9F4353AC2F5F}"
EndProject
Project("{FAE04EC0-301F-11D3-BF4B-00C04F79EFBC}") = "Tyuiu.PlatonovMV.Sprint6.Task7.V17", "Tyuiu.PlatonovMV.Sprint6.Task7.V17\Tyuiu.PlatonovMV.Sprint6.Task7.V17.csproj", "{7C9641A8-4083-4BD4-BEC2-7C8DC7A7426B}"
EndProject
Global
	GlobalSection(SolutionConfigurationPlatforms) = preSolution
		Debug|Any CPU = Debug|Any CPU
		Release|Any CPU = Release|Any CPU
	EndGlobalSection
	GlobalSection(ProjectConfigurationPlatforms) = postSolution
		{958D0A9C-75A6-4E7D-8F82-150929E84D60}.Debug|Any CPU.ActiveCfg = Debug|Any CPU
		{958D0A9C-75A6-4E7D-8F82-150929E84D60}.Debug|Any CPU.Build.0 = Debug|Any CPU
		{958D0A9C-75A6-4E7D-8F82-150929E84D60}.Release|Any CPU.ActiveCfg = Release|Any CPU
		{958D0A9C-75A6-4E7D-8F82-150929E84D60}.Release|Any CPU.Build.0 = Release|Any CPU
		{7F11673D-2C17-4C10-98DD-77AE8822FB24}.Debug|Any CPU.ActiveCfg = Debug|Any CPU
		{7F11673D-2C17-4C10-98DD-77AE8822FB24}.Debug|Any CPU.Build.0 = Debug|Any CPU
		{7F11673D-2C17-4C10-98DD-77AE8822FB24}.Release|Any CPU.ActiveCfg = Release|Any CPU
		{7F11673D-2C17-4C10-98DD-77AE8822FB24}.Release|Any CPU.Build.0 = Release|Any CPU
		{252E0701-68A2-4F5F-B4B4-25E766D2EF6B}.Debug|Any CPU.ActiveCfg = Debug|Any CPU
		{252E0701-68A2-4F5F-B4B4-25E766D2EF6B}.Debug|Any CPU.Build.0 = Debug|Any CPU
		{252E0701-68A2-4F5F-B4B4-25E766D2EF6B}.Release|Any CPU.ActiveCfg = Release|Any CPU
		{252E0701-68A2-4F5F-B4B4-25E766D2EF6B}.Release|Any CPU.Build.0 = Release|Any CPU
		{19EC8B5D-84D3-4EA0-8616-D9E19721B067}.Debug|Any CPU.ActiveCfg = Debug|Any CPU
		{19EC8B5D-84D3-4EA0-8616-D9E19721B067}.Debug|Any CPU.Build.0 = Debug|Any CPU
		{19EC8B5D-84D3-4EA0-8616-D9E19721B067}.Release|Any CPU.ActiveCfg = Release|Any CPU
		{19EC8B5D-84D3-4EA0-8616-D9E19721B067}.Release|Any CPU.Build.0 = Release|Any CPU
		{3E3BF638-DEF1-4500-A836-AA23E9738A84}.Debug|Any CPU.ActiveCfg = Debug|Any CPU
		{3E3BF638-DEF1-4500-A836-AA23E9738A84}.Debug|Any CPU.Build.0 = Debug|Any CPU
		{3E3BF638-DEF1-4500-A836-AA23E9738A84}.Release|Any CPU.ActiveCfg = Release|Any CPU
		{3E3BF638-DEF1-4500-A836-AA23E9738A84}.Release|Any CPU.Build.0 = Release|Any CPU
		{422A1559-933A-4CC0-BBCF-ECF0B4BDFE4C}.Debug|Any CPU.ActiveCfg = Debug|Any CPU
		{422A1559-933A-4CC0-BBCF-ECF0B4BDFE4C}.Debug|Any CPU.Build.0 = Debug|Any CPU
		{422A1559-933A-4CC0-BBCF-ECF0B4BDFE4C}.Release|Any CPU.ActiveCfg = Release|Any CPU
		{422A1559-933A-4CC0-BBCF-ECF0B4BDFE4C}.Release|Any CPU.Build.0 = Release|Any CPU
		{2AA974C0-2FEE-47F2-B35C-4FE047B84874}.Debug|Any CPU.ActiveCfg = Debug|Any CPU
		{2AA974C0-2FEE-47F2-B35C-4FE047B84874}.Debug|Any CPU.Build.0 = Debug|Any CPU
		{2AA974C0-2FEE-47F2-B35C-4FE047B84874}.Release|Any CPU.ActiveCfg = Release|Any CPU
		{2AA974C0-2FEE-47F2-B35C-4FE047B84874}.Release|Any CPU.Build.0 = Release|Any CPU
		{BB8666A2-59E9-4A9E-8AFA-71AC7EBD02F7}.Debug|Any CPU.ActiveCfg = Debug|Any CPU
		{BB8666A2-59E9-4A9E-8AFA-71AC7EBD02F7}.Debug|Any CPU.Build.0 = Debug|Any CPU
		{BB8666A2-59E9-4A9E-8AFA-71AC7EBD02F7}.Release|Any CPU.ActiveCfg = Release|Any CPU
		{BB8666A2-59E9-4A9E-8AFA-71AC7EBD02F7}.Release|Any CPU.Build.0 = Release|Any CPU
		{6CEE0D67-0282-4BD6-8EDB-33E021F7329E}.Debug|Any CPU.ActiveCfg = Debug|Any CPU
		{6CEE0D67-0282-4BD6-8EDB-33E021F7329E}.Debug|Any CPU.Build.0 = Debug|Any CPU
		{6CEE0D67-0282-4BD6-8EDB-33E021F7329E}.Release|Any CPU.ActiveCfg = Release|Any CPU
		{6CEE0D67-0282-4BD6-8EDB-33E021F7329E}.Release|Any CPU.Build.0 = Release|Any CPU
		{FC4A3105-8332-4B61-A7E2-8E07A3E2B9A8}.Debug|Any CPU.ActiveCfg = Debug|Any CPU
		{FC4A3105-8332-4B61-A7E2-8E07A3E2B9A8}.Debug|Any CPU.Build.0 = Debug|Any CPU
		{FC4A3105-8332-4B61-A7E2-8E07A3E2B9A8}.Release|Any CPU.ActiveCfg = Release|Any CPU
		{FC4A3105-8332-4B61-A7E2-8E07A3E2B9A8}.Release|Any CPU.Build.0 = Release|Any CPU
		{1E6CAA80-6B4D-4ECF-AE3D-C5546BD51F77}.Debug|Any CPU.ActiveCfg = Debug|Any CPU
		{1E6CAA80-6B4D-4ECF-AE3D-C5546BD51F77}.Debug|Any CPU.Build.0 = Debug|Any CPU
		{1E6CAA80-6B4D-4ECF-AE3D-C5546BD51F77}.Release|Any CPU.ActiveCfg = Release|Any CPU
		{1E6CAA80-6B4D-4ECF-AE3D-C5546BD51F77}.Release|Any CPU.Build.0 = Release|Any CPU
		{DFD3BA95-93A2-4D7D-B2E4-9425B8716AA1}.Debug|Any CPU.ActiveCfg = Debug|Any CPU
		{DFD3BA95-93A2-4D7D-B2E4-9425B8716AA1}.Debug|Any CPU.Build.0 = Debug|Any CPU
		{DFD3BA95-93A2-4D7D-B2E4-9425B8716AA1}.Release|Any CPU.ActiveCfg = Release|Any CPU
		{DFD3BA95-93A2-4D7D-B2E4-9425B8716AA1}.Release|Any CPU.Build.0 = Release|Any CPU
		{1966BC25-2FA4-4681-8A40-AB8048C6D830}.Debug|Any CPU.ActiveCfg = Debug|Any CPU
		{1966BC25-2FA4-4681-8A40-AB8048C6D830}.Debug|Any CPU.Build.0 = Debug|Any CPU
		{1966BC25-2FA4-4681-8A40-AB8048C6D830}.Release|Any CPU.ActiveCfg = Release|Any CPU
		{1966BC25-2FA4-4681-8A40-AB8048C6D830}.Release|Any CPU.Build.0 = Release|Any CPU
		{44B50C89-818E-43E2-952E-3AD751903FCB}.Debug|Any CPU.ActiveCfg = Debug|Any CPU
		{44B50C89-818E-43E2-952E-3AD751903FCB}.Debug|Any CPU.Build.0 = Debug|Any CPU
		{44B50C89-818E-43E2-952E-3AD751903FCB}.Release|Any CPU.ActiveCfg = Release|Any CPU
		{44B50C89-818E-43E2-952E-3AD751903FCB}.Release|Any CPU.Build.0 = Release|Any CPU
		{47DBCEB0-4CD4-4214-93C3-91FAADA68414}.Debug|Any CPU.ActiveCfg = Debug|Any CPU
		{47DBCEB0-4CD4-4214-93C3-91FAADA68414}.Debug|Any CPU.Build.0 = Debug|Any CPU
		{47DBCEB0-4CD4-4214-93C3-91FAADA68414}.Release|Any CPU.ActiveCfg = Release|Any CPU
		{47DBCEB0-4CD4-4214-93C3-91FAADA68414}.Release|Any CPU.Build.0 = Release|Any CPU
		{82A768C8-2130-4B30-9A49-B0A29CE5AEA3}.Debug|Any CPU.ActiveCfg = Debug|Any CPU
		{82A768C8-2130-4B30-9A49-B0A29CE5AEA3}.Debug|Any CPU.Build.0 = Debug|Any CPU
		{82A768C8-2130-4B30-9A49-B0A29CE5AEA3}.Release|Any CPU.ActiveCfg = Release|Any CPU
		{82A768C8-2130-4B30-9A49-B0A29CE5AEA3}.Release|Any CPU.Build.0 = Release|Any CPU
		{C35EF18D-96EC-4DE1-A5A3-674AA9AFBC99}.Debug|Any CPU.ActiveCfg = Debug|Any CPU
		{C35EF18D-96EC-4DE1-A5A3-674AA9AFBC99}.Debug|Any CPU.Build.0 = Debug|Any CPU
		{C35EF18D-96EC-4DE1-A5A3-674AA9AFBC99}.Release|Any CPU.ActiveCfg = Release|Any CPU
		{C35EF18D-96EC-4DE1-A5A3-674AA9AFBC99}.Release|Any CPU.Build.0 = Release|Any CPU
		{1D667A10-1853-4022-A1E0-A33A81CECA16}.Debug|Any CPU.ActiveCfg = Debug|Any CPU
		{1D667A10-1853-4022-A1E0-A33A81CECA16}.Debug|Any CPU.Build.0 = Debug|Any CPU
		{1D667A10-1853-4022-A1E0-A33A81CECA16}.Release|Any CPU.ActiveCfg = Release|Any CPU
		{1D667A10-1853-4022-A1E0-A33A81CECA16}.Release|Any CPU.Build.0 = Release|Any CPU
		{B08134C5-D1A4-4A82-BBE6-31D0C1E6F9CB}.Debug|Any CPU.ActiveCfg = Debug|Any CPU
		{B08134C5-D1A4-4A82-BBE6-31D0C1E6F9CB}.Debug|Any CPU.Build.0 = Debug|Any CPU
		{B08134C5-D1A4-4A82-BBE6-31D0C1E6F9CB}.Release|Any CPU.ActiveCfg = Release|Any CPU
		{B08134C5-D1A4-4A82-BBE6-31D0C1E6F9CB}.Release|Any CPU.Build.0 = Release|Any CPU
		{806EB83A-7D6D-4361-A615-B63400210A55}.Debug|Any CPU.ActiveCfg = Debug|Any CPU
		{806EB83A-7D6D-4361-A615-B63400210A55}.Debug|Any CPU.Build.0 = Debug|Any CPU
		{806EB83A-7D6D-4361-A615-B63400210A55}.Release|Any CPU.ActiveCfg = Release|Any CPU
		{806EB83A-7D6D-4361-A615-B63400210A55}.Release|Any CPU.Build.0 = Release|Any CPU
		{B5D446C2-1FAC-4BA2-8FF5-8163B6A796E6}.Debug|Any CPU.ActiveCfg = Debug|Any CPU
		{B5D446C2-1FAC-4BA2-8FF5-8163B6A796E6}.Debug|Any CPU.Build.0 = Debug|Any CPU
		{B5D446C2-1FAC-4BA2-8FF5-8163B6A796E6}.Release|Any CPU.ActiveCfg = Release|Any CPU
		{B5D446C2-1FAC-4BA2-8FF5-8163B6A796E6}.Release|Any CPU.Build.0 = Release|Any CPU
		{CE443AF5-DB11-40BE-B42C-97243BD2C980}.Debug|Any CPU.ActiveCfg = Debug|Any CPU
		{CE443AF5-DB11-40BE-B42C-97243BD2C980}.Debug|Any CPU.Build.0 = Debug|Any CPU
		{CE443AF5-DB11-40BE-B42C-97243BD2C980}.Release|Any CPU.ActiveCfg = Release|Any CPU
		{CE443AF5-DB11-40BE-B42C-97243BD2C980}.Release|Any CPU.Build.0 = Release|Any CPU
		{198C6E96-7BF6-4AF4-86A8-9F4353AC2F5F}.Debug|Any CPU.ActiveCfg = Debug|Any CPU
		{198C6E96-7BF6-4AF4-86A8-9F4353AC2F5F}.Debug|Any CPU.Build.0 = Debug|Any CPU
		{198C6E96-7BF6-4AF4-86A8-9F4353AC2F5F}.Release|Any CPU.ActiveCfg = Release|Any CPU
		{198C6E96-7BF6-4AF4-86A8-9F4353AC2F5F}.Release|Any CPU.Build.0 = Release|Any CPU
		{7C9641A8-4083-4BD4-BEC2-7C8DC7A7426B}.Debug|Any CPU.ActiveCfg = Debug|Any CPU
		{7C9641A8-4083-4BD4-BEC2-7C8DC7A7426B}.Debug|Any CPU.Build.0 = Debug|Any CPU
		{7C9641A8-4083-4BD4-BEC2-7C8DC7A7426B}.Release|Any CPU.ActiveCfg = Release|Any CPU
		{7C9641A8-4083-4BD4-BEC2-7C8DC7A7426B}.Release|Any CPU.Build.0 = Release|Any CPU
	EndGlobalSection
	GlobalSection(SolutionProperties) = preSolution
		HideSolutionNode = FALSE
	EndGlobalSection
	GlobalSection(NestedProjects) = preSolution
		{958D0A9C-75A6-4E7D-8F82-150929E84D60} = {02EA681E-C7D8-13C7-8484-4AC65E1B71E8}
		{7F11673D-2C17-4C10-98DD-77AE8822FB24} = {02EA681E-C7D8-13C7-8484-4AC65E1B71E8}
		{252E0701-68A2-4F5F-B4B4-25E766D2EF6B} = {02EA681E-C7D8-13C7-8484-4AC65E1B71E8}
		{19EC8B5D-84D3-4EA0-8616-D9E19721B067} = {4E8C6BC8-2DB3-48F3-82F6-6CD346EB2CF2}
		{3E3BF638-DEF1-4500-A836-AA23E9738A84} = {4E8C6BC8-2DB3-48F3-82F6-6CD346EB2CF2}
		{422A1559-933A-4CC0-BBCF-ECF0B4BDFE4C} = {4E8C6BC8-2DB3-48F3-82F6-6CD346EB2CF2}
		{2AA974C0-2FEE-47F2-B35C-4FE047B84874} = {AAE565B4-8EF6-41AA-B098-05A383A905A2}
		{BB8666A2-59E9-4A9E-8AFA-71AC7EBD02F7} = {AAE565B4-8EF6-41AA-B098-05A383A905A2}
		{6CEE0D67-0282-4BD6-8EDB-33E021F7329E} = {AAE565B4-8EF6-41AA-B098-05A383A905A2}
		{FC4A3105-8332-4B61-A7E2-8E07A3E2B9A8} = {EC30CD28-5B63-4832-95FF-D54DA54B8810}
		{1E6CAA80-6B4D-4ECF-AE3D-C5546BD51F77} = {EC30CD28-5B63-4832-95FF-D54DA54B8810}
		{DFD3BA95-93A2-4D7D-B2E4-9425B8716AA1} = {EC30CD28-5B63-4832-95FF-D54DA54B8810}
		{1966BC25-2FA4-4681-8A40-AB8048C6D830} = {80BCD082-DF06-4F27-B039-75D15B769D62}
		{44B50C89-818E-43E2-952E-3AD751903FCB} = {80BCD082-DF06-4F27-B039-75D15B769D62}
		{47DBCEB0-4CD4-4214-93C3-91FAADA68414} = {80BCD082-DF06-4F27-B039-75D15B769D62}
		{82A768C8-2130-4B30-9A49-B0A29CE5AEA3} = {ECD08C7B-7F05-429F-9CA5-D3F5CA62AA39}
		{C35EF18D-96EC-4DE1-A5A3-674AA9AFBC99} = {ECD08C7B-7F05-429F-9CA5-D3F5CA62AA39}
		{1D667A10-1853-4022-A1E0-A33A81CECA16} = {ECD08C7B-7F05-429F-9CA5-D3F5CA62AA39}
		{B08134C5-D1A4-4A82-BBE6-31D0C1E6F9CB} = {BE8850D6-F19B-439B-8346-5000E389B685}
		{806EB83A-7D6D-4361-A615-B63400210A55} = {BE8850D6-F19B-439B-8346-5000E389B685}
		{B5D446C2-1FAC-4BA2-8FF5-8163B6A796E6} = {BE8850D6-F19B-439B-8346-5000E389B685}
		{CE443AF5-DB11-40BE-B42C-97243BD2C980} = {6C3E7942-0B67-4F2D-AEDF-CF78E6ECCB74}
		{198C6E96-7BF6-4AF4-86A8-9F4353AC2F5F} = {6C3E7942-0B67-4F2D-AEDF-CF78E6ECCB74}
		{7C9641A8-4083-4BD4-BEC2-7C8DC7A7426B} = {6C3E7942-0B67-4F2D-AEDF-CF78E6ECCB74}
	EndGlobalSection
	GlobalSection(ExtensibilityGlobals) = postSolution
		SolutionGuid = {415A95D5-CBE5-4A57-9D7C-08676C6150BD}
	EndGlobalSection
EndGlobal
